
Microsoft Visual Studio Solution File, Format Version 12.00
# Visual Studio 14
VisualStudioVersion = 14.0.25420.1
MinimumVisualStudioVersion = 10.0.40219.1
Project("{FAE04EC0-301F-11D3-BF4B-00C04F79EFBC}") = "MVCMusicStore", "MVCMusicStore\MVCMusicStore.csproj", "{994457AD-F829-453A-904E-D5613AB7A384}"
EndProject
Project("{FAE04EC0-301F-11D3-BF4B-00C04F79EFBC}") = "MVCMusicStore.Tests", "MVCMusicStore.Tests\MVCMusicStore.Tests.csproj", "{A8DAACFE-FF9A-45BF-941C-5DE467BB7A32}"
EndProject
Project("{FAE04EC0-301F-11D3-BF4B-00C04F79EFBC}") = "nugetTest", "nugetTest\nugetTest.csproj", "{40ED0C48-DC65-4B4B-8E4D-F86DB4BA99EC}"
EndProject
Global
	GlobalSection(SolutionConfigurationPlatforms) = preSolution
		Debug|Any CPU = Debug|Any CPU
		Release|Any CPU = Release|Any CPU
	EndGlobalSection
	GlobalSection(ProjectConfigurationPlatforms) = postSolution
		{994457AD-F829-453A-904E-D5613AB7A384}.Debug|Any CPU.ActiveCfg = Debug|Any CPU
		{994457AD-F829-453A-904E-D5613AB7A384}.Debug|Any CPU.Build.0 = Debug|Any CPU
		{994457AD-F829-453A-904E-D5613AB7A384}.Release|Any CPU.ActiveCfg = Release|Any CPU
		{994457AD-F829-453A-904E-D5613AB7A384}.Release|Any CPU.Build.0 = Release|Any CPU
		{A8DAACFE-FF9A-45BF-941C-5DE467BB7A32}.Debug|Any CPU.ActiveCfg = Debug|Any CPU
		{A8DAACFE-FF9A-45BF-941C-5DE467BB7A32}.Debug|Any CPU.Build.0 = Debug|Any CPU
		{A8DAACFE-FF9A-45BF-941C-5DE467BB7A32}.Release|Any CPU.ActiveCfg = Release|Any CPU
		{A8DAACFE-FF9A-45BF-941C-5DE467BB7A32}.Release|Any CPU.Build.0 = Release|Any CPU
		{40ED0C48-DC65-4B4B-8E4D-F86DB4BA99EC}.Debug|Any CPU.ActiveCfg = Debug|Any CPU
		{40ED0C48-DC65-4B4B-8E4D-F86DB4BA99EC}.Debug|Any CPU.Build.0 = Debug|Any CPU
		{40ED0C48-DC65-4B4B-8E4D-F86DB4BA99EC}.Release|Any CPU.ActiveCfg = Release|Any CPU
		{40ED0C48-DC65-4B4B-8E4D-F86DB4BA99EC}.Release|Any CPU.Build.0 = Release|Any CPU
	EndGlobalSection
	GlobalSection(SolutionProperties) = preSolution
		HideSolutionNode = FALSE
	EndGlobalSection
EndGlobal
